
Microsoft Visual Studio Solution File, Format Version 12.00
# Visual Studio Version 17
VisualStudioVersion = 17.10.35122.118
MinimumVisualStudioVersion = 10.0.40219.1
Project("{FAE04EC0-301F-11D3-BF4B-00C04F79EFBC}") = "CargoPay", "CargoPay\CargoPay.csproj", "{2DC5E431-C493-4927-8CDB-CDD5F0CFA0D9}"
EndProject
Global
	GlobalSection(SolutionConfigurationPlatforms) = preSolution
		Debug|Any CPU = Debug|Any CPU
		Release|Any CPU = Release|Any CPU
	EndGlobalSection
	GlobalSection(ProjectConfigurationPlatforms) = postSolution
		{2DC5E431-C493-4927-8CDB-CDD5F0CFA0D9}.Debug|Any CPU.ActiveCfg = Debug|Any CPU
		{2DC5E431-C493-4927-8CDB-CDD5F0CFA0D9}.Debug|Any CPU.Build.0 = Debug|Any CPU
		{2DC5E431-C493-4927-8CDB-CDD5F0CFA0D9}.Release|Any CPU.ActiveCfg = Release|Any CPU
		{2DC5E431-C493-4927-8CDB-CDD5F0CFA0D9}.Release|Any CPU.Build.0 = Release|Any CPU
	EndGlobalSection
	GlobalSection(SolutionProperties) = preSolution
		HideSolutionNode = FALSE
	EndGlobalSection
	GlobalSection(ExtensibilityGlobals) = postSolution
		SolutionGuid = {1A6BF9A0-4F52-4F8F-9DEF-24315111AC50}
	EndGlobalSection
EndGlobal
